
Microsoft Visual Studio Solution File, Format Version 12.00
# Visual Studio Version 17
VisualStudioVersion = 17.3.32929.385
MinimumVisualStudioVersion = 10.0.40219.1
Project("{FAE04EC0-301F-11D3-BF4B-00C04F79EFBC}") = "BizimKafe.DATA", "BizimKafe.DATA\BizimKafe.DATA.csproj", "{0B33794A-0899-4317-B7DB-0AD2F8B636B6}"
EndProject
Project("{FAE04EC0-301F-11D3-BF4B-00C04F79EFBC}") = "BizimKafe.UI", "BizimKafe.UI\BizimKafe.UI.csproj", "{C45665A5-C548-4A88-A744-6D092092B7BC}"
EndProject
Global
	GlobalSection(SolutionConfigurationPlatforms) = preSolution
		Debug|Any CPU = Debug|Any CPU
		Release|Any CPU = Release|Any CPU
	EndGlobalSection
	GlobalSection(ProjectConfigurationPlatforms) = postSolution
		{0B33794A-0899-4317-B7DB-0AD2F8B636B6}.Debug|Any CPU.ActiveCfg = Debug|Any CPU
		{0B33794A-0899-4317-B7DB-0AD2F8B636B6}.Debug|Any CPU.Build.0 = Debug|Any CPU
		{0B33794A-0899-4317-B7DB-0AD2F8B636B6}.Release|Any CPU.ActiveCfg = Release|Any CPU
		{0B33794A-0899-4317-B7DB-0AD2F8B636B6}.Release|Any CPU.Build.0 = Release|Any CPU
		{C45665A5-C548-4A88-A744-6D092092B7BC}.Debug|Any CPU.ActiveCfg = Debug|Any CPU
		{C45665A5-C548-4A88-A744-6D092092B7BC}.Debug|Any CPU.Build.0 = Debug|Any CPU
		{C45665A5-C548-4A88-A744-6D092092B7BC}.Release|Any CPU.ActiveCfg = Release|Any CPU
		{C45665A5-C548-4A88-A744-6D092092B7BC}.Release|Any CPU.Build.0 = Release|Any CPU
	EndGlobalSection
	GlobalSection(SolutionProperties) = preSolution
		HideSolutionNode = FALSE
	EndGlobalSection
	GlobalSection(ExtensibilityGlobals) = postSolution
		SolutionGuid = {484AF641-606E-4162-B8F8-1A17BF7FD712}
	EndGlobalSection
EndGlobal
